
Microsoft Visual Studio Solution File, Format Version 12.00
# Visual Studio Version 17
VisualStudioVersion = 17.7.34031.279
MinimumVisualStudioVersion = 10.0.40219.1
Project("{9A19103F-16F7-4668-BE54-9A1E7A4F7556}") = "Auth.Interfaces", "Auth.Interfaces\Auth.Interfaces.csproj", "{E0D193BB-482D-430F-9AA0-C9850F3EA22E}"
EndProject
Project("{9A19103F-16F7-4668-BE54-9A1E7A4F7556}") = "Base.Shared", "Base.Shared\Base.Shared.csproj", "{7836644F-837D-4CCE-B026-0D6232F6538A}"
EndProject
Project("{9A19103F-16F7-4668-BE54-9A1E7A4F7556}") = "Auth.Services", "Auth.Services\Auth.Services.csproj", "{457771C1-BB98-4629-AEA2-A85C9134EF7A}"
EndProject
Project("{9A19103F-16F7-4668-BE54-9A1E7A4F7556}") = "Auth.Shared", "Auth.Shared\Auth.Shared.csproj", "{D56CD703-CF7D-41EE-B89E-C83653D3B2D3}"
EndProject
Project("{9A19103F-16F7-4668-BE54-9A1E7A4F7556}") = "Auth.Domain", "Auth.Domain\Auth.Domain.csproj", "{EEC0B822-E457-402D-9ACA-2AFB42033C15}"
EndProject
Project("{2150E333-8FDC-42A3-9474-1A3956D46DE8}") = "Auth", "Auth", "{7BE3D039-B584-4EA7-B7CE-363ABCC65B31}"
EndProject
Project("{2150E333-8FDC-42A3-9474-1A3956D46DE8}") = "Base", "Base", "{E561B17D-12F0-4FF3-91ED-9B3E3FFC21B7}"
EndProject
Project("{9A19103F-16F7-4668-BE54-9A1E7A4F7556}") = "Base.Api", "Base.Api\Base.Api.csproj", "{D8D3E37D-A5F2-40AE-9809-0273C75966A9}"
EndProject
Project("{9A19103F-16F7-4668-BE54-9A1E7A4F7556}") = "Base.Services", "Base.Services\Base.Services.csproj", "{5B31FAFD-88E6-4989-8D12-28A5240F8F2B}"
EndProject
Project("{9A19103F-16F7-4668-BE54-9A1E7A4F7556}") = "Base.Database", "Base.Database\Base.Database.csproj", "{BA607ACB-DCFF-4CE1-8A43-97075DF574F3}"
EndProject
Global
	GlobalSection(SolutionConfigurationPlatforms) = preSolution
		Debug|Any CPU = Debug|Any CPU
		Release|Any CPU = Release|Any CPU
	EndGlobalSection
	GlobalSection(ProjectConfigurationPlatforms) = postSolution
		{E0D193BB-482D-430F-9AA0-C9850F3EA22E}.Debug|Any CPU.ActiveCfg = Debug|Any CPU
		{E0D193BB-482D-430F-9AA0-C9850F3EA22E}.Debug|Any CPU.Build.0 = Debug|Any CPU
		{E0D193BB-482D-430F-9AA0-C9850F3EA22E}.Release|Any CPU.ActiveCfg = Release|Any CPU
		{E0D193BB-482D-430F-9AA0-C9850F3EA22E}.Release|Any CPU.Build.0 = Release|Any CPU
		{7836644F-837D-4CCE-B026-0D6232F6538A}.Debug|Any CPU.ActiveCfg = Debug|Any CPU
		{7836644F-837D-4CCE-B026-0D6232F6538A}.Debug|Any CPU.Build.0 = Debug|Any CPU
		{7836644F-837D-4CCE-B026-0D6232F6538A}.Release|Any CPU.ActiveCfg = Release|Any CPU
		{7836644F-837D-4CCE-B026-0D6232F6538A}.Release|Any CPU.Build.0 = Release|Any CPU
		{457771C1-BB98-4629-AEA2-A85C9134EF7A}.Debug|Any CPU.ActiveCfg = Debug|Any CPU
		{457771C1-BB98-4629-AEA2-A85C9134EF7A}.Debug|Any CPU.Build.0 = Debug|Any CPU
		{457771C1-BB98-4629-AEA2-A85C9134EF7A}.Release|Any CPU.ActiveCfg = Release|Any CPU
		{457771C1-BB98-4629-AEA2-A85C9134EF7A}.Release|Any CPU.Build.0 = Release|Any CPU
		{D56CD703-CF7D-41EE-B89E-C83653D3B2D3}.Debug|Any CPU.ActiveCfg = Debug|Any CPU
		{D56CD703-CF7D-41EE-B89E-C83653D3B2D3}.Debug|Any CPU.Build.0 = Debug|Any CPU
		{D56CD703-CF7D-41EE-B89E-C83653D3B2D3}.Release|Any CPU.ActiveCfg = Release|Any CPU
		{D56CD703-CF7D-41EE-B89E-C83653D3B2D3}.Release|Any CPU.Build.0 = Release|Any CPU
		{EEC0B822-E457-402D-9ACA-2AFB42033C15}.Debug|Any CPU.ActiveCfg = Debug|Any CPU
		{EEC0B822-E457-402D-9ACA-2AFB42033C15}.Debug|Any CPU.Build.0 = Debug|Any CPU
		{EEC0B822-E457-402D-9ACA-2AFB42033C15}.Release|Any CPU.ActiveCfg = Release|Any CPU
		{EEC0B822-E457-402D-9ACA-2AFB42033C15}.Release|Any CPU.Build.0 = Release|Any CPU
		{D8D3E37D-A5F2-40AE-9809-0273C75966A9}.Debug|Any CPU.ActiveCfg = Debug|Any CPU
		{D8D3E37D-A5F2-40AE-9809-0273C75966A9}.Debug|Any CPU.Build.0 = Debug|Any CPU
		{D8D3E37D-A5F2-40AE-9809-0273C75966A9}.Release|Any CPU.ActiveCfg = Release|Any CPU
		{D8D3E37D-A5F2-40AE-9809-0273C75966A9}.Release|Any CPU.Build.0 = Release|Any CPU
		{5B31FAFD-88E6-4989-8D12-28A5240F8F2B}.Debug|Any CPU.ActiveCfg = Debug|Any CPU
		{5B31FAFD-88E6-4989-8D12-28A5240F8F2B}.Debug|Any CPU.Build.0 = Debug|Any CPU
		{5B31FAFD-88E6-4989-8D12-28A5240F8F2B}.Release|Any CPU.ActiveCfg = Release|Any CPU
		{5B31FAFD-88E6-4989-8D12-28A5240F8F2B}.Release|Any CPU.Build.0 = Release|Any CPU
		{BA607ACB-DCFF-4CE1-8A43-97075DF574F3}.Debug|Any CPU.ActiveCfg = Debug|Any CPU
		{BA607ACB-DCFF-4CE1-8A43-97075DF574F3}.Debug|Any CPU.Build.0 = Debug|Any CPU
		{BA607ACB-DCFF-4CE1-8A43-97075DF574F3}.Release|Any CPU.ActiveCfg = Release|Any CPU
		{BA607ACB-DCFF-4CE1-8A43-97075DF574F3}.Release|Any CPU.Build.0 = Release|Any CPU
	EndGlobalSection
	GlobalSection(SolutionProperties) = preSolution
		HideSolutionNode = FALSE
	EndGlobalSection
	GlobalSection(NestedProjects) = preSolution
		{E0D193BB-482D-430F-9AA0-C9850F3EA22E} = {7BE3D039-B584-4EA7-B7CE-363ABCC65B31}
		{7836644F-837D-4CCE-B026-0D6232F6538A} = {E561B17D-12F0-4FF3-91ED-9B3E3FFC21B7}
		{457771C1-BB98-4629-AEA2-A85C9134EF7A} = {7BE3D039-B584-4EA7-B7CE-363ABCC65B31}
		{D56CD703-CF7D-41EE-B89E-C83653D3B2D3} = {7BE3D039-B584-4EA7-B7CE-363ABCC65B31}
		{EEC0B822-E457-402D-9ACA-2AFB42033C15} = {7BE3D039-B584-4EA7-B7CE-363ABCC65B31}
		{D8D3E37D-A5F2-40AE-9809-0273C75966A9} = {E561B17D-12F0-4FF3-91ED-9B3E3FFC21B7}
		{5B31FAFD-88E6-4989-8D12-28A5240F8F2B} = {E561B17D-12F0-4FF3-91ED-9B3E3FFC21B7}
		{BA607ACB-DCFF-4CE1-8A43-97075DF574F3} = {E561B17D-12F0-4FF3-91ED-9B3E3FFC21B7}
	EndGlobalSection
	GlobalSection(ExtensibilityGlobals) = postSolution
		SolutionGuid = {282B6396-FA09-441B-8634-4A957617B46A}
	EndGlobalSection
EndGlobal
